// !$*UTF8*$!
{
	archiveVersion = 1;
	classes = {
	};
	objectVersion = 56;
	objects = {

/* Begin PBXBuildFile section */
		74AFCC0A29A9E0D60019F4A3 /* AppDelegate.swift in Sources */ = {isa = PBXBuildFile; fileRef = 74AFCC0929A9E0D60019F4A3 /* AppDelegate.swift */; };
		74AFCC0C29A9E0D60019F4A3 /* SceneDelegate.swift in Sources */ = {isa = PBXBuildFile; fileRef = 74AFCC0B29A9E0D60019F4A3 /* SceneDelegate.swift */; };
		74AFCC0E29A9E0D60019F4A3 /* LoginViewController.swift in Sources */ = {isa = PBXBuildFile; fileRef = 74AFCC0D29A9E0D60019F4A3 /* LoginViewController.swift */; };
		74AFCC1329A9E0D60019F4A3 /* Assets.xcassets in Resources */ = {isa = PBXBuildFile; fileRef = 74AFCC1229A9E0D60019F4A3 /* Assets.xcassets */; };
		74AFCC1629A9E0D60019F4A3 /* LaunchScreen.storyboard in Resources */ = {isa = PBXBuildFile; fileRef = 74AFCC1429A9E0D60019F4A3 /* LaunchScreen.storyboard */; };
		74AFCC2029A9E9BA0019F4A3 /* LoginView.swift in Sources */ = {isa = PBXBuildFile; fileRef = 74AFCC1F29A9E9BA0019F4A3 /* LoginView.swift */; };
		74AFCC2329AA14D50019F4A3 /* OnboardingContainerViewController.swift in Sources */ = {isa = PBXBuildFile; fileRef = 74AFCC2229AA14D50019F4A3 /* OnboardingContainerViewController.swift */; };
		74AFCC2529AA19B90019F4A3 /* OnboardingViewController.swift in Sources */ = {isa = PBXBuildFile; fileRef = 74AFCC2429AA19B90019F4A3 /* OnboardingViewController.swift */; };
		74AFCC2729AA485A0019F4A3 /* DummyViewController.swift in Sources */ = {isa = PBXBuildFile; fileRef = 74AFCC2629AA485A0019F4A3 /* DummyViewController.swift */; };
		74AFCC2A29AA4C6A0019F4A3 /* LocalState.swift in Sources */ = {isa = PBXBuildFile; fileRef = 74AFCC2929AA4C6A0019F4A3 /* LocalState.swift */; };
		74AFCC2C29AB59670019F4A3 /* UIViewController+Ext.swift in Sources */ = {isa = PBXBuildFile; fileRef = 74AFCC2B29AB59670019F4A3 /* UIViewController+Ext.swift */; };
		74AFCC2F29AB59920019F4A3 /* MainViewController.swift in Sources */ = {isa = PBXBuildFile; fileRef = 74AFCC2E29AB59920019F4A3 /* MainViewController.swift */; };
		74AFCC3229AB60EE0019F4A3 /* AccountSummaryViewController.swift in Sources */ = {isa = PBXBuildFile; fileRef = 74AFCC3129AB60EE0019F4A3 /* AccountSummaryViewController.swift */; };
		74AFCC3429AB641E0019F4A3 /* AccountSummaryHeaderView.swift in Sources */ = {isa = PBXBuildFile; fileRef = 74AFCC3329AB641E0019F4A3 /* AccountSummaryHeaderView.swift */; };
		74AFCC3629AB643C0019F4A3 /* AccountSummaryHeaderView.xib in Resources */ = {isa = PBXBuildFile; fileRef = 74AFCC3529AB643C0019F4A3 /* AccountSummaryHeaderView.xib */; };
		74AFCC3A29AC93B80019F4A3 /* AccountSummaryCell.swift in Sources */ = {isa = PBXBuildFile; fileRef = 74AFCC3929AC93B80019F4A3 /* AccountSummaryCell.swift */; };
		74AFCC3C29ACB61D0019F4A3 /* Decimal+Ext.swift in Sources */ = {isa = PBXBuildFile; fileRef = 74AFCC3B29ACB61D0019F4A3 /* Decimal+Ext.swift */; };
		74AFCC3E29ACB6710019F4A3 /* CurrencyFormatter.swift in Sources */ = {isa = PBXBuildFile; fileRef = 74AFCC3D29ACB6710019F4A3 /* CurrencyFormatter.swift */; };
		74AFCC4629ACE0100019F4A3 /* BankeyUnitTests.swift in Sources */ = {isa = PBXBuildFile; fileRef = 74AFCC4529ACE0100019F4A3 /* BankeyUnitTests.swift */; };
		74AFCC4D29ACE1490019F4A3 /* CurrencyFormatterTests.swift in Sources */ = {isa = PBXBuildFile; fileRef = 74AFCC4C29ACE1490019F4A3 /* CurrencyFormatterTests.swift */; };
/* End PBXBuildFile section */

/* Begin PBXContainerItemProxy section */
		74AFCC4729ACE0100019F4A3 /* PBXContainerItemProxy */ = {
			isa = PBXContainerItemProxy;
			containerPortal = 74AFCBFE29A9E0D50019F4A3 /* Project object */;
			proxyType = 1;
			remoteGlobalIDString = 74AFCC0529A9E0D50019F4A3;
			remoteInfo = Bankey;
		};
/* End PBXContainerItemProxy section */

/* Begin PBXFileReference section */
		74AFCC0629A9E0D60019F4A3 /* Bankey.app */ = {isa = PBXFileReference; explicitFileType = wrapper.application; includeInIndex = 0; path = Bankey.app; sourceTree = BUILT_PRODUCTS_DIR; };
		74AFCC0929A9E0D60019F4A3 /* AppDelegate.swift */ = {isa = PBXFileReference; lastKnownFileType = sourcecode.swift; path = AppDelegate.swift; sourceTree = "<group>"; };
		74AFCC0B29A9E0D60019F4A3 /* SceneDelegate.swift */ = {isa = PBXFileReference; lastKnownFileType = sourcecode.swift; path = SceneDelegate.swift; sourceTree = "<group>"; };
		74AFCC0D29A9E0D60019F4A3 /* LoginViewController.swift */ = {isa = PBXFileReference; lastKnownFileType = sourcecode.swift; path = LoginViewController.swift; sourceTree = "<group>"; };
		74AFCC1229A9E0D60019F4A3 /* Assets.xcassets */ = {isa = PBXFileReference; lastKnownFileType = folder.assetcatalog; path = Assets.xcassets; sourceTree = "<group>"; };
		74AFCC1529A9E0D60019F4A3 /* Base */ = {isa = PBXFileReference; lastKnownFileType = file.storyboard; name = Base; path = Base.lproj/LaunchScreen.storyboard; sourceTree = "<group>"; };
		74AFCC1729A9E0D60019F4A3 /* Info.plist */ = {isa = PBXFileReference; lastKnownFileType = text.plist.xml; path = Info.plist; sourceTree = "<group>"; };
		74AFCC1F29A9E9BA0019F4A3 /* LoginView.swift */ = {isa = PBXFileReference; lastKnownFileType = sourcecode.swift; path = LoginView.swift; sourceTree = "<group>"; };
		74AFCC2229AA14D50019F4A3 /* OnboardingContainerViewController.swift */ = {isa = PBXFileReference; lastKnownFileType = sourcecode.swift; path = OnboardingContainerViewController.swift; sourceTree = "<group>"; };
		74AFCC2429AA19B90019F4A3 /* OnboardingViewController.swift */ = {isa = PBXFileReference; lastKnownFileType = sourcecode.swift; path = OnboardingViewController.swift; sourceTree = "<group>"; };
		74AFCC2629AA485A0019F4A3 /* DummyViewController.swift */ = {isa = PBXFileReference; lastKnownFileType = sourcecode.swift; path = DummyViewController.swift; sourceTree = "<group>"; };
		74AFCC2929AA4C6A0019F4A3 /* LocalState.swift */ = {isa = PBXFileReference; lastKnownFileType = sourcecode.swift; path = LocalState.swift; sourceTree = "<group>"; };
		74AFCC2B29AB59670019F4A3 /* UIViewController+Ext.swift */ = {isa = PBXFileReference; lastKnownFileType = sourcecode.swift; path = "UIViewController+Ext.swift"; sourceTree = "<group>"; };
		74AFCC2E29AB59920019F4A3 /* MainViewController.swift */ = {isa = PBXFileReference; lastKnownFileType = sourcecode.swift; path = MainViewController.swift; sourceTree = "<group>"; };
		74AFCC3129AB60EE0019F4A3 /* AccountSummaryViewController.swift */ = {isa = PBXFileReference; lastKnownFileType = sourcecode.swift; path = AccountSummaryViewController.swift; sourceTree = "<group>"; };
		74AFCC3329AB641E0019F4A3 /* AccountSummaryHeaderView.swift */ = {isa = PBXFileReference; lastKnownFileType = sourcecode.swift; path = AccountSummaryHeaderView.swift; sourceTree = "<group>"; };
		74AFCC3529AB643C0019F4A3 /* AccountSummaryHeaderView.xib */ = {isa = PBXFileReference; lastKnownFileType = file.xib; path = AccountSummaryHeaderView.xib; sourceTree = "<group>"; };
		74AFCC3929AC93B80019F4A3 /* AccountSummaryCell.swift */ = {isa = PBXFileReference; lastKnownFileType = sourcecode.swift; path = AccountSummaryCell.swift; sourceTree = "<group>"; };
		74AFCC3B29ACB61D0019F4A3 /* Decimal+Ext.swift */ = {isa = PBXFileReference; lastKnownFileType = sourcecode.swift; path = "Decimal+Ext.swift"; sourceTree = "<group>"; };
		74AFCC3D29ACB6710019F4A3 /* CurrencyFormatter.swift */ = {isa = PBXFileReference; lastKnownFileType = sourcecode.swift; path = CurrencyFormatter.swift; sourceTree = "<group>"; };
		74AFCC4329ACE0100019F4A3 /* BankeyUnitTests.xctest */ = {isa = PBXFileReference; explicitFileType = wrapper.cfbundle; includeInIndex = 0; path = BankeyUnitTests.xctest; sourceTree = BUILT_PRODUCTS_DIR; };
		74AFCC4529ACE0100019F4A3 /* BankeyUnitTests.swift */ = {isa = PBXFileReference; lastKnownFileType = sourcecode.swift; path = BankeyUnitTests.swift; sourceTree = "<group>"; };
		74AFCC4C29ACE1490019F4A3 /* CurrencyFormatterTests.swift */ = {isa = PBXFileReference; lastKnownFileType = sourcecode.swift; path = CurrencyFormatterTests.swift; sourceTree = "<group>"; };
/* End PBXFileReference section */

/* Begin PBXFrameworksBuildPhase section */
		74AFCC0329A9E0D50019F4A3 /* Frameworks */ = {
			isa = PBXFrameworksBuildPhase;
			buildActionMask = 2147483647;
			files = (
			);
			runOnlyForDeploymentPostprocessing = 0;
		};
		74AFCC4029ACE0100019F4A3 /* Frameworks */ = {
			isa = PBXFrameworksBuildPhase;
			buildActionMask = 2147483647;
			files = (
			);
			runOnlyForDeploymentPostprocessing = 0;
		};
/* End PBXFrameworksBuildPhase section */

/* Begin PBXGroup section */
		74AFCBFD29A9E0D50019F4A3 = {
			isa = PBXGroup;
			children = (
				74AFCC0829A9E0D60019F4A3 /* Bankey */,
				74AFCC4429ACE0100019F4A3 /* BankeyUnitTests */,
				74AFCC0729A9E0D60019F4A3 /* Products */,
			);
			sourceTree = "<group>";
		};
		74AFCC0729A9E0D60019F4A3 /* Products */ = {
			isa = PBXGroup;
			children = (
				74AFCC0629A9E0D60019F4A3 /* Bankey.app */,
				74AFCC4329ACE0100019F4A3 /* BankeyUnitTests.xctest */,
			);
			name = Products;
			sourceTree = "<group>";
		};
		74AFCC0829A9E0D60019F4A3 /* Bankey */ = {
			isa = PBXGroup;
			children = (
				74AFCC3029AB60DE0019F4A3 /* AccountSummary */,
				74AFCC2D29AB59840019F4A3 /* Main */,
				74AFCC2829AA4C610019F4A3 /* Utils */,
				74AFCC2129AA14C20019F4A3 /* Onboarding */,
				74AFCC1E29A9E9680019F4A3 /* Resources */,
				74AFCC1D29A9E94A0019F4A3 /* Login */,
			);
			path = Bankey;
			sourceTree = "<group>";
		};
		74AFCC1D29A9E94A0019F4A3 /* Login */ = {
			isa = PBXGroup;
			children = (
				74AFCC0D29A9E0D60019F4A3 /* LoginViewController.swift */,
				74AFCC1F29A9E9BA0019F4A3 /* LoginView.swift */,
				74AFCC2629AA485A0019F4A3 /* DummyViewController.swift */,
			);
			name = Login;
			sourceTree = "<group>";
		};
		74AFCC1E29A9E9680019F4A3 /* Resources */ = {
			isa = PBXGroup;
			children = (
				74AFCC0929A9E0D60019F4A3 /* AppDelegate.swift */,
				74AFCC1729A9E0D60019F4A3 /* Info.plist */,
				74AFCC0B29A9E0D60019F4A3 /* SceneDelegate.swift */,
				74AFCC1229A9E0D60019F4A3 /* Assets.xcassets */,
				74AFCC1429A9E0D60019F4A3 /* LaunchScreen.storyboard */,
			);
			path = Resources;
			sourceTree = "<group>";
		};
		74AFCC2129AA14C20019F4A3 /* Onboarding */ = {
			isa = PBXGroup;
			children = (
				74AFCC2229AA14D50019F4A3 /* OnboardingContainerViewController.swift */,
				74AFCC2429AA19B90019F4A3 /* OnboardingViewController.swift */,
			);
			path = Onboarding;
			sourceTree = "<group>";
		};
		74AFCC2829AA4C610019F4A3 /* Utils */ = {
			isa = PBXGroup;
			children = (
				74AFCC2929AA4C6A0019F4A3 /* LocalState.swift */,
				74AFCC2B29AB59670019F4A3 /* UIViewController+Ext.swift */,
				74AFCC3B29ACB61D0019F4A3 /* Decimal+Ext.swift */,
				74AFCC3D29ACB6710019F4A3 /* CurrencyFormatter.swift */,
			);
			path = Utils;
			sourceTree = "<group>";
		};
		74AFCC2D29AB59840019F4A3 /* Main */ = {
			isa = PBXGroup;
			children = (
				74AFCC2E29AB59920019F4A3 /* MainViewController.swift */,
			);
			path = Main;
			sourceTree = "<group>";
		};
		74AFCC3029AB60DE0019F4A3 /* AccountSummary */ = {
			isa = PBXGroup;
			children = (
				74AFCC3829AC935C0019F4A3 /* Cell */,
				74AFCC3729AC934B0019F4A3 /* HeaderView */,
				74AFCC3129AB60EE0019F4A3 /* AccountSummaryViewController.swift */,
			);
			path = AccountSummary;
			sourceTree = "<group>";
		};
		74AFCC3729AC934B0019F4A3 /* HeaderView */ = {
			isa = PBXGroup;
			children = (
				74AFCC3329AB641E0019F4A3 /* AccountSummaryHeaderView.swift */,
				74AFCC3529AB643C0019F4A3 /* AccountSummaryHeaderView.xib */,
			);
			path = HeaderView;
			sourceTree = "<group>";
		};
		74AFCC3829AC935C0019F4A3 /* Cell */ = {
			isa = PBXGroup;
			children = (
				74AFCC3929AC93B80019F4A3 /* AccountSummaryCell.swift */,
			);
			path = Cell;
			sourceTree = "<group>";
		};
		74AFCC4429ACE0100019F4A3 /* BankeyUnitTests */ = {
			isa = PBXGroup;
			children = (
				74AFCC4529ACE0100019F4A3 /* BankeyUnitTests.swift */,
				74AFCC4C29ACE1490019F4A3 /* CurrencyFormatterTests.swift */,
			);
			path = BankeyUnitTests;
			sourceTree = "<group>";
		};
/* End PBXGroup section */

/* Begin PBXNativeTarget section */
		74AFCC0529A9E0D50019F4A3 /* Bankey */ = {
			isa = PBXNativeTarget;
			buildConfigurationList = 74AFCC1A29A9E0D60019F4A3 /* Build configuration list for PBXNativeTarget "Bankey" */;
			buildPhases = (
				74AFCC0229A9E0D50019F4A3 /* Sources */,
				74AFCC0329A9E0D50019F4A3 /* Frameworks */,
				74AFCC0429A9E0D50019F4A3 /* Resources */,
			);
			buildRules = (
			);
			dependencies = (
			);
			name = Bankey;
			productName = Bankey;
			productReference = 74AFCC0629A9E0D60019F4A3 /* Bankey.app */;
			productType = "com.apple.product-type.application";
		};
		74AFCC4229ACE0100019F4A3 /* BankeyUnitTests */ = {
			isa = PBXNativeTarget;
			buildConfigurationList = 74AFCC4929ACE0100019F4A3 /* Build configuration list for PBXNativeTarget "BankeyUnitTests" */;
			buildPhases = (
				74AFCC3F29ACE0100019F4A3 /* Sources */,
				74AFCC4029ACE0100019F4A3 /* Frameworks */,
				74AFCC4129ACE0100019F4A3 /* Resources */,
			);
			buildRules = (
			);
			dependencies = (
				74AFCC4829ACE0100019F4A3 /* PBXTargetDependency */,
			);
			name = BankeyUnitTests;
			productName = BankeyUnitTests;
			productReference = 74AFCC4329ACE0100019F4A3 /* BankeyUnitTests.xctest */;
			productType = "com.apple.product-type.bundle.unit-test";
		};
/* End PBXNativeTarget section */

/* Begin PBXProject section */
		74AFCBFE29A9E0D50019F4A3 /* Project object */ = {
			isa = PBXProject;
			attributes = {
				BuildIndependentTargetsInParallel = 1;
				LastSwiftUpdateCheck = 1420;
				LastUpgradeCheck = 1420;
				TargetAttributes = {
					74AFCC0529A9E0D50019F4A3 = {
						CreatedOnToolsVersion = 14.2;
					};
					74AFCC4229ACE0100019F4A3 = {
						CreatedOnToolsVersion = 14.2;
						TestTargetID = 74AFCC0529A9E0D50019F4A3;
					};
				};
			};
			buildConfigurationList = 74AFCC0129A9E0D50019F4A3 /* Build configuration list for PBXProject "Bankey" */;
			compatibilityVersion = "Xcode 14.0";
			developmentRegion = en;
			hasScannedForEncodings = 0;
			knownRegions = (
				en,
				Base,
			);
			mainGroup = 74AFCBFD29A9E0D50019F4A3;
			productRefGroup = 74AFCC0729A9E0D60019F4A3 /* Products */;
			projectDirPath = "";
			projectRoot = "";
			targets = (
				74AFCC0529A9E0D50019F4A3 /* Bankey */,
				74AFCC4229ACE0100019F4A3 /* BankeyUnitTests */,
			);
		};
/* End PBXProject section */

/* Begin PBXResourcesBuildPhase section */
		74AFCC0429A9E0D50019F4A3 /* Resources */ = {
			isa = PBXResourcesBuildPhase;
			buildActionMask = 2147483647;
			files = (
				74AFCC3629AB643C0019F4A3 /* AccountSummaryHeaderView.xib in Resources */,
				74AFCC1629A9E0D60019F4A3 /* LaunchScreen.storyboard in Resources */,
				74AFCC1329A9E0D60019F4A3 /* Assets.xcassets in Resources */,
			);
			runOnlyForDeploymentPostprocessing = 0;
		};
		74AFCC4129ACE0100019F4A3 /* Resources */ = {
			isa = PBXResourcesBuildPhase;
			buildActionMask = 2147483647;
			files = (
			);
			runOnlyForDeploymentPostprocessing = 0;
		};
/* End PBXResourcesBuildPhase section */

/* Begin PBXSourcesBuildPhase section */
		74AFCC0229A9E0D50019F4A3 /* Sources */ = {
			isa = PBXSourcesBuildPhase;
			buildActionMask = 2147483647;
			files = (
				74AFCC3429AB641E0019F4A3 /* AccountSummaryHeaderView.swift in Sources */,
				74AFCC3A29AC93B80019F4A3 /* AccountSummaryCell.swift in Sources */,
				74AFCC2729AA485A0019F4A3 /* DummyViewController.swift in Sources */,
				74AFCC0E29A9E0D60019F4A3 /* LoginViewController.swift in Sources */,
				74AFCC3E29ACB6710019F4A3 /* CurrencyFormatter.swift in Sources */,
				74AFCC2529AA19B90019F4A3 /* OnboardingViewController.swift in Sources */,
				74AFCC3C29ACB61D0019F4A3 /* Decimal+Ext.swift in Sources */,
				74AFCC0A29A9E0D60019F4A3 /* AppDelegate.swift in Sources */,
				74AFCC2029A9E9BA0019F4A3 /* LoginView.swift in Sources */,
				74AFCC2329AA14D50019F4A3 /* OnboardingContainerViewController.swift in Sources */,
				74AFCC0C29A9E0D60019F4A3 /* SceneDelegate.swift in Sources */,
				74AFCC2A29AA4C6A0019F4A3 /* LocalState.swift in Sources */,
				74AFCC3229AB60EE0019F4A3 /* AccountSummaryViewController.swift in Sources */,
				74AFCC2C29AB59670019F4A3 /* UIViewController+Ext.swift in Sources */,
				74AFCC2F29AB59920019F4A3 /* MainViewController.swift in Sources */,
			);
			runOnlyForDeploymentPostprocessing = 0;
		};
		74AFCC3F29ACE0100019F4A3 /* Sources */ = {
			isa = PBXSourcesBuildPhase;
			buildActionMask = 2147483647;
			files = (
				74AFCC4629ACE0100019F4A3 /* BankeyUnitTests.swift in Sources */,
				74AFCC4D29ACE1490019F4A3 /* CurrencyFormatterTests.swift in Sources */,
			);
			runOnlyForDeploymentPostprocessing = 0;
		};
/* End PBXSourcesBuildPhase section */

/* Begin PBXTargetDependency section */
		74AFCC4829ACE0100019F4A3 /* PBXTargetDependency */ = {
			isa = PBXTargetDependency;
			target = 74AFCC0529A9E0D50019F4A3 /* Bankey */;
			targetProxy = 74AFCC4729ACE0100019F4A3 /* PBXContainerItemProxy */;
		};
/* End PBXTargetDependency section */

/* Begin PBXVariantGroup section */
		74AFCC1429A9E0D60019F4A3 /* LaunchScreen.storyboard */ = {
			isa = PBXVariantGroup;
			children = (
				74AFCC1529A9E0D60019F4A3 /* Base */,
			);
			name = LaunchScreen.storyboard;
			sourceTree = "<group>";
		};
/* End PBXVariantGroup section */

/* Begin XCBuildConfiguration section */
		74AFCC1829A9E0D60019F4A3 /* Debug */ = {
			isa = XCBuildConfiguration;
			buildSettings = {
				ALWAYS_SEARCH_USER_PATHS = NO;
				CLANG_ANALYZER_NONNULL = YES;
				CLANG_ANALYZER_NUMBER_OBJECT_CONVERSION = YES_AGGRESSIVE;
				CLANG_CXX_LANGUAGE_STANDARD = "gnu++20";
				CLANG_ENABLE_MODULES = YES;
				CLANG_ENABLE_OBJC_ARC = YES;
				CLANG_ENABLE_OBJC_WEAK = YES;
				CLANG_WARN_BLOCK_CAPTURE_AUTORELEASING = YES;
				CLANG_WARN_BOOL_CONVERSION = YES;
				CLANG_WARN_COMMA = YES;
				CLANG_WARN_CONSTANT_CONVERSION = YES;
				CLANG_WARN_DEPRECATED_OBJC_IMPLEMENTATIONS = YES;
				CLANG_WARN_DIRECT_OBJC_ISA_USAGE = YES_ERROR;
				CLANG_WARN_DOCUMENTATION_COMMENTS = YES;
				CLANG_WARN_EMPTY_BODY = YES;
				CLANG_WARN_ENUM_CONVERSION = YES;
				CLANG_WARN_INFINITE_RECURSION = YES;
				CLANG_WARN_INT_CONVERSION = YES;
				CLANG_WARN_NON_LITERAL_NULL_CONVERSION = YES;
				CLANG_WARN_OBJC_IMPLICIT_RETAIN_SELF = YES;
				CLANG_WARN_OBJC_LITERAL_CONVERSION = YES;
				CLANG_WARN_OBJC_ROOT_CLASS = YES_ERROR;
				CLANG_WARN_QUOTED_INCLUDE_IN_FRAMEWORK_HEADER = YES;
				CLANG_WARN_RANGE_LOOP_ANALYSIS = YES;
				CLANG_WARN_STRICT_PROTOTYPES = YES;
				CLANG_WARN_SUSPICIOUS_MOVE = YES;
				CLANG_WARN_UNGUARDED_AVAILABILITY = YES_AGGRESSIVE;
				CLANG_WARN_UNREACHABLE_CODE = YES;
				CLANG_WARN__DUPLICATE_METHOD_MATCH = YES;
				COPY_PHASE_STRIP = NO;
				DEBUG_INFORMATION_FORMAT = dwarf;
				ENABLE_STRICT_OBJC_MSGSEND = YES;
				ENABLE_TESTABILITY = YES;
				GCC_C_LANGUAGE_STANDARD = gnu11;
				GCC_DYNAMIC_NO_PIC = NO;
				GCC_NO_COMMON_BLOCKS = YES;
				GCC_OPTIMIZATION_LEVEL = 0;
				GCC_PREPROCESSOR_DEFINITIONS = (
					"DEBUG=1",
					"$(inherited)",
				);
				GCC_WARN_64_TO_32_BIT_CONVERSION = YES;
				GCC_WARN_ABOUT_RETURN_TYPE = YES_ERROR;
				GCC_WARN_UNDECLARED_SELECTOR = YES;
				GCC_WARN_UNINITIALIZED_AUTOS = YES_AGGRESSIVE;
				GCC_WARN_UNUSED_FUNCTION = YES;
				GCC_WARN_UNUSED_VARIABLE = YES;
				IPHONEOS_DEPLOYMENT_TARGET = 16.2;
				MTL_ENABLE_DEBUG_INFO = INCLUDE_SOURCE;
				MTL_FAST_MATH = YES;
				ONLY_ACTIVE_ARCH = YES;
				SDKROOT = iphoneos;
				SWIFT_ACTIVE_COMPILATION_CONDITIONS = DEBUG;
				SWIFT_OPTIMIZATION_LEVEL = "-Onone";
			};
			name = Debug;
		};
		74AFCC1929A9E0D60019F4A3 /* Release */ = {
			isa = XCBuildConfiguration;
			buildSettings = {
				ALWAYS_SEARCH_USER_PATHS = NO;
				CLANG_ANALYZER_NONNULL = YES;
				CLANG_ANALYZER_NUMBER_OBJECT_CONVERSION = YES_AGGRESSIVE;
				CLANG_CXX_LANGUAGE_STANDARD = "gnu++20";
				CLANG_ENABLE_MODULES = YES;
				CLANG_ENABLE_OBJC_ARC = YES;
				CLANG_ENABLE_OBJC_WEAK = YES;
				CLANG_WARN_BLOCK_CAPTURE_AUTORELEASING = YES;
				CLANG_WARN_BOOL_CONVERSION = YES;
				CLANG_WARN_COMMA = YES;
				CLANG_WARN_CONSTANT_CONVERSION = YES;
				CLANG_WARN_DEPRECATED_OBJC_IMPLEMENTATIONS = YES;
				CLANG_WARN_DIRECT_OBJC_ISA_USAGE = YES_ERROR;
				CLANG_WARN_DOCUMENTATION_COMMENTS = YES;
				CLANG_WARN_EMPTY_BODY = YES;
				CLANG_WARN_ENUM_CONVERSION = YES;
				CLANG_WARN_INFINITE_RECURSION = YES;
				CLANG_WARN_INT_CONVERSION = YES;
				CLANG_WARN_NON_LITERAL_NULL_CONVERSION = YES;
				CLANG_WARN_OBJC_IMPLICIT_RETAIN_SELF = YES;
				CLANG_WARN_OBJC_LITERAL_CONVERSION = YES;
				CLANG_WARN_OBJC_ROOT_CLASS = YES_ERROR;
				CLANG_WARN_QUOTED_INCLUDE_IN_FRAMEWORK_HEADER = YES;
				CLANG_WARN_RANGE_LOOP_ANALYSIS = YES;
				CLANG_WARN_STRICT_PROTOTYPES = YES;
				CLANG_WARN_SUSPICIOUS_MOVE = YES;
				CLANG_WARN_UNGUARDED_AVAILABILITY = YES_AGGRESSIVE;
				CLANG_WARN_UNREACHABLE_CODE = YES;
				CLANG_WARN__DUPLICATE_METHOD_MATCH = YES;
				COPY_PHASE_STRIP = NO;
				DEBUG_INFORMATION_FORMAT = "dwarf-with-dsym";
				ENABLE_NS_ASSERTIONS = NO;
				ENABLE_STRICT_OBJC_MSGSEND = YES;
				GCC_C_LANGUAGE_STANDARD = gnu11;
				GCC_NO_COMMON_BLOCKS = YES;
				GCC_WARN_64_TO_32_BIT_CONVERSION = YES;
				GCC_WARN_ABOUT_RETURN_TYPE = YES_ERROR;
				GCC_WARN_UNDECLARED_SELECTOR = YES;
				GCC_WARN_UNINITIALIZED_AUTOS = YES_AGGRESSIVE;
				GCC_WARN_UNUSED_FUNCTION = YES;
				GCC_WARN_UNUSED_VARIABLE = YES;
				IPHONEOS_DEPLOYMENT_TARGET = 16.2;
				MTL_ENABLE_DEBUG_INFO = NO;
				MTL_FAST_MATH = YES;
				SDKROOT = iphoneos;
				SWIFT_COMPILATION_MODE = wholemodule;
				SWIFT_OPTIMIZATION_LEVEL = "-O";
				VALIDATE_PRODUCT = YES;
			};
			name = Release;
		};
		74AFCC1B29A9E0D60019F4A3 /* Debug */ = {
			isa = XCBuildConfiguration;
			buildSettings = {
				ASSETCATALOG_COMPILER_APPICON_NAME = AppIcon;
				ASSETCATALOG_COMPILER_GLOBAL_ACCENT_COLOR_NAME = AccentColor;
				CODE_SIGN_STYLE = Automatic;
				CURRENT_PROJECT_VERSION = 1;
				GENERATE_INFOPLIST_FILE = YES;
				INFOPLIST_FILE = Bankey/Resources/info.plist;
				INFOPLIST_KEY_UIApplicationSupportsIndirectInputEvents = YES;
				INFOPLIST_KEY_UILaunchStoryboardName = LaunchScreen;
				INFOPLIST_KEY_UISupportedInterfaceOrientations_iPad = "UIInterfaceOrientationPortrait UIInterfaceOrientationPortraitUpsideDown UIInterfaceOrientationLandscapeLeft UIInterfaceOrientationLandscapeRight";
				INFOPLIST_KEY_UISupportedInterfaceOrientations_iPhone = "UIInterfaceOrientationPortrait UIInterfaceOrientationLandscapeLeft UIInterfaceOrientationLandscapeRight";
				LD_RUNPATH_SEARCH_PATHS = (
					"$(inherited)",
					"@executable_path/Frameworks",
				);
				MARKETING_VERSION = 1.0;
				PRODUCT_BUNDLE_IDENTIFIER = com.furkansarip.Bankey;
				PRODUCT_NAME = "$(TARGET_NAME)";
				SUPPORTED_PLATFORMS = "iphoneos iphonesimulator";
				SUPPORTS_MACCATALYST = NO;
				SUPPORTS_MAC_DESIGNED_FOR_IPHONE_IPAD = NO;
				SWIFT_EMIT_LOC_STRINGS = YES;
				SWIFT_VERSION = 5.0;
				TARGETED_DEVICE_FAMILY = 1;
			};
			name = Debug;
		};
		74AFCC1C29A9E0D60019F4A3 /* Release */ = {
			isa = XCBuildConfiguration;
			buildSettings = {
				ASSETCATALOG_COMPILER_APPICON_NAME = AppIcon;
				ASSETCATALOG_COMPILER_GLOBAL_ACCENT_COLOR_NAME = AccentColor;
				CODE_SIGN_STYLE = Automatic;
				CURRENT_PROJECT_VERSION = 1;
				GENERATE_INFOPLIST_FILE = YES;
				INFOPLIST_FILE = Bankey/Resources/info.plist;
				INFOPLIST_KEY_UIApplicationSupportsIndirectInputEvents = YES;
				INFOPLIST_KEY_UILaunchStoryboardName = LaunchScreen;
				INFOPLIST_KEY_UISupportedInterfaceOrientations_iPad = "UIInterfaceOrientationPortrait UIInterfaceOrientationPortraitUpsideDown UIInterfaceOrientationLandscapeLeft UIInterfaceOrientationLandscapeRight";
				INFOPLIST_KEY_UISupportedInterfaceOrientations_iPhone = "UIInterfaceOrientationPortrait UIInterfaceOrientationLandscapeLeft UIInterfaceOrientationLandscapeRight";
				LD_RUNPATH_SEARCH_PATHS = (
					"$(inherited)",
					"@executable_path/Frameworks",
				);
				MARKETING_VERSION = 1.0;
				PRODUCT_BUNDLE_IDENTIFIER = com.furkansarip.Bankey;
				PRODUCT_NAME = "$(TARGET_NAME)";
				SUPPORTED_PLATFORMS = "iphoneos iphonesimulator";
				SUPPORTS_MACCATALYST = NO;
				SUPPORTS_MAC_DESIGNED_FOR_IPHONE_IPAD = NO;
				SWIFT_EMIT_LOC_STRINGS = YES;
				SWIFT_VERSION = 5.0;
				TARGETED_DEVICE_FAMILY = 1;
			};
			name = Release;
		};
		74AFCC4A29ACE0100019F4A3 /* Debug */ = {
			isa = XCBuildConfiguration;
			buildSettings = {
				BUNDLE_LOADER = "$(TEST_HOST)";
				CODE_SIGN_STYLE = Automatic;
				CURRENT_PROJECT_VERSION = 1;
				GENERATE_INFOPLIST_FILE = YES;
				MARKETING_VERSION = 1.0;
				PRODUCT_BUNDLE_IDENTIFIER = com.furkansarip.BankeyUnitTests;
				PRODUCT_NAME = "$(TARGET_NAME)";
				SWIFT_EMIT_LOC_STRINGS = NO;
				SWIFT_VERSION = 5.0;
				TARGETED_DEVICE_FAMILY = "1,2";
				TEST_HOST = "$(BUILT_PRODUCTS_DIR)/Bankey.app/$(BUNDLE_EXECUTABLE_FOLDER_PATH)/Bankey";
			};
			name = Debug;
		};
		74AFCC4B29ACE0100019F4A3 /* Release */ = {
			isa = XCBuildConfiguration;
			buildSettings = {
				BUNDLE_LOADER = "$(TEST_HOST)";
				CODE_SIGN_STYLE = Automatic;
				CURRENT_PROJECT_VERSION = 1;
				GENERATE_INFOPLIST_FILE = YES;
				MARKETING_VERSION = 1.0;
				PRODUCT_BUNDLE_IDENTIFIER = com.furkansarip.BankeyUnitTests;
				PRODUCT_NAME = "$(TARGET_NAME)";
				SWIFT_EMIT_LOC_STRINGS = NO;
				SWIFT_VERSION = 5.0;
				TARGETED_DEVICE_FAMILY = "1,2";
				TEST_HOST = "$(BUILT_PRODUCTS_DIR)/Bankey.app/$(BUNDLE_EXECUTABLE_FOLDER_PATH)/Bankey";
			};
			name = Release;
		};
/* End XCBuildConfiguration section */

/* Begin XCConfigurationList section */
		74AFCC0129A9E0D50019F4A3 /* Build configuration list for PBXProject "Bankey" */ = {
			isa = XCConfigurationList;
			buildConfigurations = (
				74AFCC1829A9E0D60019F4A3 /* Debug */,
				74AFCC1929A9E0D60019F4A3 /* Release */,
			);
			defaultConfigurationIsVisible = 0;
			defaultConfigurationName = Release;
		};
		74AFCC1A29A9E0D60019F4A3 /* Build configuration list for PBXNativeTarget "Bankey" */ = {
			isa = XCConfigurationList;
			buildConfigurations = (
				74AFCC1B29A9E0D60019F4A3 /* Debug */,
				74AFCC1C29A9E0D60019F4A3 /* Release */,
			);
			defaultConfigurationIsVisible = 0;
			defaultConfigurationName = Release;
		};
		74AFCC4929ACE0100019F4A3 /* Build configuration list for PBXNativeTarget "BankeyUnitTests" */ = {
			isa = XCConfigurationList;
			buildConfigurations = (
				74AFCC4A29ACE0100019F4A3 /* Debug */,
				74AFCC4B29ACE0100019F4A3 /* Release */,
			);
			defaultConfigurationIsVisible = 0;
			defaultConfigurationName = Release;
		};
/* End XCConfigurationList section */
	};
	rootObject = 74AFCBFE29A9E0D50019F4A3 /* Project object */;
}
